
Microsoft Visual Studio Solution File, Format Version 12.00
# Visual Studio Version 17
VisualStudioVersion = 17.5.002.0
MinimumVisualStudioVersion = 10.0.40219.1
Project("{9A19103F-16F7-4668-BE54-9A1E7A4F7556}") = "C#Guided-Project", "C#Guided-Project.csproj", "{6950BEE0-B344-404D-A21A-DFC69C1E7848}"
EndProject
Global
	GlobalSection(SolutionConfigurationPlatforms) = preSolution
		Debug|Any CPU = Debug|Any CPU
		Release|Any CPU = Release|Any CPU
	EndGlobalSection
	GlobalSection(ProjectConfigurationPlatforms) = postSolution
		{6950BEE0-B344-404D-A21A-DFC69C1E7848}.Debug|Any CPU.ActiveCfg = Debug|Any CPU
		{6950BEE0-B344-404D-A21A-DFC69C1E7848}.Debug|Any CPU.Build.0 = Debug|Any CPU
		{6950BEE0-B344-404D-A21A-DFC69C1E7848}.Release|Any CPU.ActiveCfg = Release|Any CPU
		{6950BEE0-B344-404D-A21A-DFC69C1E7848}.Release|Any CPU.Build.0 = Release|Any CPU
	EndGlobalSection
	GlobalSection(SolutionProperties) = preSolution
		HideSolutionNode = FALSE
	EndGlobalSection
	GlobalSection(ExtensibilityGlobals) = postSolution
		SolutionGuid = {4B41D1D2-D980-4DDF-9FE2-4676133889CC}
	EndGlobalSection
EndGlobal
